
Microsoft Visual Studio Solution File, Format Version 12.00
# Visual Studio Version 17
VisualStudioVersion = 17.0.31521.260
MinimumVisualStudioVersion = 10.0.40219.1
Project("{FAE04EC0-301F-11D3-BF4B-00C04F79EFBC}") = "osucket", "osucket\osucket.csproj", "{D60A9A51-4C10-4F51-9C5C-7B505E7D9C9D}"
EndProject
Global
	GlobalSection(SolutionConfigurationPlatforms) = preSolution
		Debug|Any CPU = Debug|Any CPU
		Release|Any CPU = Release|Any CPU
	EndGlobalSection
	GlobalSection(ProjectConfigurationPlatforms) = postSolution
		{D60A9A51-4C10-4F51-9C5C-7B505E7D9C9D}.Debug|Any CPU.ActiveCfg = Debug|Any CPU
		{D60A9A51-4C10-4F51-9C5C-7B505E7D9C9D}.Debug|Any CPU.Build.0 = Debug|Any CPU
		{D60A9A51-4C10-4F51-9C5C-7B505E7D9C9D}.Release|Any CPU.ActiveCfg = Release|Any CPU
		{D60A9A51-4C10-4F51-9C5C-7B505E7D9C9D}.Release|Any CPU.Build.0 = Release|Any CPU
	EndGlobalSection
	GlobalSection(SolutionProperties) = preSolution
		HideSolutionNode = FALSE
	EndGlobalSection
	GlobalSection(ExtensibilityGlobals) = postSolution
		SolutionGuid = {C9EAB414-9852-4992-8AC5-2093A935557C}
	EndGlobalSection
EndGlobal
